
Microsoft Visual Studio Solution File, Format Version 12.00
# Visual Studio Version 17
VisualStudioVersion = 17.11.35327.3
MinimumVisualStudioVersion = 10.0.40219.1
Project("{FAE04EC0-301F-11D3-BF4B-00C04F79EFBC}") = "SinglyLinkedList", "SinglyLinkedList\SinglyLinkedList.csproj", "{1B24CBC3-6BA3-4BF0-8869-69E81544044E}"
EndProject
Project("{FAE04EC0-301F-11D3-BF4B-00C04F79EFBC}") = "SLL_Test", "SLL_Test\SLL_Test.csproj", "{ABE7221B-86DD-4489-8A59-1BC1E7F2AC99}"
EndProject
Project("{2150E333-8FDC-42A3-9474-1A3956D46DE8}") = "Projektmappenelemente", "Projektmappenelemente", "{341E4F67-3EEA-4796-8816-071F10196DBF}"
EndProject
Project("{FAE04EC0-301F-11D3-BF4B-00C04F79EFBC}") = "RechtschreibChecker", "RechtschreibChecker\RechtschreibChecker.csproj", "{805417BF-F982-467B-8C2A-5E222EA9C7E2}"
EndProject
Project("{FAE04EC0-301F-11D3-BF4B-00C04F79EFBC}") = "Array_List", "Array_List\Array_List.csproj", "{28D3EEFD-8FBA-47B1-9C0B-F01561A7292C}"
EndProject
Project("{FAE04EC0-301F-11D3-BF4B-00C04F79EFBC}") = "Hashtable", "Hashtable\Hashtable.csproj", "{F2F9F217-30E7-4B85-962B-496D5B3E91C5}"
EndProject
Project("{FAE04EC0-301F-11D3-BF4B-00C04F79EFBC}") = "Skiplist", "Skiplist\Skiplist.csproj", "{7C4233F4-4B44-49B9-99E8-40E8777181B9}"
EndProject
Global
	GlobalSection(SolutionConfigurationPlatforms) = preSolution
		Debug|Any CPU = Debug|Any CPU
		Release|Any CPU = Release|Any CPU
	EndGlobalSection
	GlobalSection(ProjectConfigurationPlatforms) = postSolution
		{1B24CBC3-6BA3-4BF0-8869-69E81544044E}.Debug|Any CPU.ActiveCfg = Debug|Any CPU
		{1B24CBC3-6BA3-4BF0-8869-69E81544044E}.Debug|Any CPU.Build.0 = Debug|Any CPU
		{1B24CBC3-6BA3-4BF0-8869-69E81544044E}.Release|Any CPU.ActiveCfg = Release|Any CPU
		{1B24CBC3-6BA3-4BF0-8869-69E81544044E}.Release|Any CPU.Build.0 = Release|Any CPU
		{ABE7221B-86DD-4489-8A59-1BC1E7F2AC99}.Debug|Any CPU.ActiveCfg = Debug|Any CPU
		{ABE7221B-86DD-4489-8A59-1BC1E7F2AC99}.Debug|Any CPU.Build.0 = Debug|Any CPU
		{ABE7221B-86DD-4489-8A59-1BC1E7F2AC99}.Release|Any CPU.ActiveCfg = Release|Any CPU
		{ABE7221B-86DD-4489-8A59-1BC1E7F2AC99}.Release|Any CPU.Build.0 = Release|Any CPU
		{805417BF-F982-467B-8C2A-5E222EA9C7E2}.Debug|Any CPU.ActiveCfg = Debug|Any CPU
		{805417BF-F982-467B-8C2A-5E222EA9C7E2}.Debug|Any CPU.Build.0 = Debug|Any CPU
		{805417BF-F982-467B-8C2A-5E222EA9C7E2}.Release|Any CPU.ActiveCfg = Release|Any CPU
		{805417BF-F982-467B-8C2A-5E222EA9C7E2}.Release|Any CPU.Build.0 = Release|Any CPU
		{28D3EEFD-8FBA-47B1-9C0B-F01561A7292C}.Debug|Any CPU.ActiveCfg = Debug|Any CPU
		{28D3EEFD-8FBA-47B1-9C0B-F01561A7292C}.Debug|Any CPU.Build.0 = Debug|Any CPU
		{28D3EEFD-8FBA-47B1-9C0B-F01561A7292C}.Release|Any CPU.ActiveCfg = Release|Any CPU
		{28D3EEFD-8FBA-47B1-9C0B-F01561A7292C}.Release|Any CPU.Build.0 = Release|Any CPU
		{F2F9F217-30E7-4B85-962B-496D5B3E91C5}.Debug|Any CPU.ActiveCfg = Debug|Any CPU
		{F2F9F217-30E7-4B85-962B-496D5B3E91C5}.Debug|Any CPU.Build.0 = Debug|Any CPU
		{F2F9F217-30E7-4B85-962B-496D5B3E91C5}.Release|Any CPU.ActiveCfg = Release|Any CPU
		{F2F9F217-30E7-4B85-962B-496D5B3E91C5}.Release|Any CPU.Build.0 = Release|Any CPU
		{7C4233F4-4B44-49B9-99E8-40E8777181B9}.Debug|Any CPU.ActiveCfg = Debug|Any CPU
		{7C4233F4-4B44-49B9-99E8-40E8777181B9}.Debug|Any CPU.Build.0 = Debug|Any CPU
		{7C4233F4-4B44-49B9-99E8-40E8777181B9}.Release|Any CPU.ActiveCfg = Release|Any CPU
		{7C4233F4-4B44-49B9-99E8-40E8777181B9}.Release|Any CPU.Build.0 = Release|Any CPU
	EndGlobalSection
	GlobalSection(SolutionProperties) = preSolution
		HideSolutionNode = FALSE
	EndGlobalSection
	GlobalSection(ExtensibilityGlobals) = postSolution
		SolutionGuid = {204C38C8-8B6C-4201-B227-335010715249}
	EndGlobalSection
EndGlobal
